
Microsoft Visual Studio Solution File, Format Version 12.00
Project("{FAE04EC0-301F-11D3-BF4B-00C04F79EFBC}") = "MockAPI", "src\MockAPI\MockAPI.csproj", "{F36E8AB3-E682-4B2D-AEEF-722D0B4C0B76}"
EndProject
Project("{FAE04EC0-301F-11D3-BF4B-00C04F79EFBC}") = "YourAPI", "src\YourAPI\YourAPI.csproj", "{2176BC13-8B98-47F9-A45C-1AF799D2B7CF}"
EndProject
Global
	GlobalSection(SolutionConfigurationPlatforms) = preSolution
		Debug|Any CPU = Debug|Any CPU
		Release|Any CPU = Release|Any CPU
	EndGlobalSection
	GlobalSection(ProjectConfigurationPlatforms) = postSolution
		{F36E8AB3-E682-4B2D-AEEF-722D0B4C0B76}.Debug|Any CPU.ActiveCfg = Debug|Any CPU
		{F36E8AB3-E682-4B2D-AEEF-722D0B4C0B76}.Debug|Any CPU.Build.0 = Debug|Any CPU
		{F36E8AB3-E682-4B2D-AEEF-722D0B4C0B76}.Release|Any CPU.ActiveCfg = Release|Any CPU
		{F36E8AB3-E682-4B2D-AEEF-722D0B4C0B76}.Release|Any CPU.Build.0 = Release|Any CPU
		{2176BC13-8B98-47F9-A45C-1AF799D2B7CF}.Debug|Any CPU.ActiveCfg = Debug|Any CPU
		{2176BC13-8B98-47F9-A45C-1AF799D2B7CF}.Debug|Any CPU.Build.0 = Debug|Any CPU
		{2176BC13-8B98-47F9-A45C-1AF799D2B7CF}.Release|Any CPU.ActiveCfg = Release|Any CPU
		{2176BC13-8B98-47F9-A45C-1AF799D2B7CF}.Release|Any CPU.Build.0 = Release|Any CPU
	EndGlobalSection
EndGlobal
